
Microsoft Visual Studio Solution File, Format Version 12.00
# Visual Studio Version 17
VisualStudioVersion = 17.1.32228.430
MinimumVisualStudioVersion = 10.0.40219.1
Project("{FAE04EC0-301F-11D3-BF4B-00C04F79EFBC}") = "Star_Wars_Battle_For_Memes", "Star_Wars_Battle_For_Memes.csproj", "{645BCE13-418F-48A8-92A4-B7C56C72CA40}"
EndProject
Global
	GlobalSection(SolutionConfigurationPlatforms) = preSolution
		Debug|Any CPU = Debug|Any CPU
		Release|Any CPU = Release|Any CPU
	EndGlobalSection
	GlobalSection(ProjectConfigurationPlatforms) = postSolution
		{645BCE13-418F-48A8-92A4-B7C56C72CA40}.Debug|Any CPU.ActiveCfg = Debug|Any CPU
		{645BCE13-418F-48A8-92A4-B7C56C72CA40}.Debug|Any CPU.Build.0 = Debug|Any CPU
		{645BCE13-418F-48A8-92A4-B7C56C72CA40}.Release|Any CPU.ActiveCfg = Release|Any CPU
		{645BCE13-418F-48A8-92A4-B7C56C72CA40}.Release|Any CPU.Build.0 = Release|Any CPU
	EndGlobalSection
	GlobalSection(SolutionProperties) = preSolution
		HideSolutionNode = FALSE
	EndGlobalSection
	GlobalSection(ExtensibilityGlobals) = postSolution
		SolutionGuid = {B900B7A6-80A6-42B0-AA2B-2F13EDE3FDCC}
	EndGlobalSection
EndGlobal
